
Microsoft Visual Studio Solution File, Format Version 12.00
# Visual Studio Version 17
VisualStudioVersion = 17.2.32630.192
MinimumVisualStudioVersion = 10.0.40219.1
Project("{FAE04EC0-301F-11D3-BF4B-00C04F79EFBC}") = "year,age,current year,diff,datetimepicker", "year,age,current year,diff,datetimepicker\year,age,current year,diff,datetimepicker.csproj", "{F7D0C5DB-C2D0-4731-A0B3-E17B73FBAAEA}"
EndProject
Global
	GlobalSection(SolutionConfigurationPlatforms) = preSolution
		Debug|Any CPU = Debug|Any CPU
		Release|Any CPU = Release|Any CPU
	EndGlobalSection
	GlobalSection(ProjectConfigurationPlatforms) = postSolution
		{F7D0C5DB-C2D0-4731-A0B3-E17B73FBAAEA}.Debug|Any CPU.ActiveCfg = Debug|Any CPU
		{F7D0C5DB-C2D0-4731-A0B3-E17B73FBAAEA}.Debug|Any CPU.Build.0 = Debug|Any CPU
		{F7D0C5DB-C2D0-4731-A0B3-E17B73FBAAEA}.Release|Any CPU.ActiveCfg = Release|Any CPU
		{F7D0C5DB-C2D0-4731-A0B3-E17B73FBAAEA}.Release|Any CPU.Build.0 = Release|Any CPU
	EndGlobalSection
	GlobalSection(SolutionProperties) = preSolution
		HideSolutionNode = FALSE
	EndGlobalSection
	GlobalSection(ExtensibilityGlobals) = postSolution
		SolutionGuid = {41F09DF9-F4F9-42EC-9DB3-6353895F4D07}
	EndGlobalSection
EndGlobal
