
Microsoft Visual Studio Solution File, Format Version 12.00
# Visual Studio Version 17
VisualStudioVersion = 17.2.32630.192
MinimumVisualStudioVersion = 10.0.40219.1
Project("{FAE04EC0-301F-11D3-BF4B-00C04F79EFBC}") = "Accept_char_display_vowel_or_not_using_switch", "Accept_char_display_vowel_or_not_using_switch\Accept_char_display_vowel_or_not_using_switch.csproj", "{ABF634D4-4FB0-4198-AE8C-080029B19CF1}"
EndProject
Global
	GlobalSection(SolutionConfigurationPlatforms) = preSolution
		Debug|Any CPU = Debug|Any CPU
		Release|Any CPU = Release|Any CPU
	EndGlobalSection
	GlobalSection(ProjectConfigurationPlatforms) = postSolution
		{ABF634D4-4FB0-4198-AE8C-080029B19CF1}.Debug|Any CPU.ActiveCfg = Debug|Any CPU
		{ABF634D4-4FB0-4198-AE8C-080029B19CF1}.Debug|Any CPU.Build.0 = Debug|Any CPU
		{ABF634D4-4FB0-4198-AE8C-080029B19CF1}.Release|Any CPU.ActiveCfg = Release|Any CPU
		{ABF634D4-4FB0-4198-AE8C-080029B19CF1}.Release|Any CPU.Build.0 = Release|Any CPU
	EndGlobalSection
	GlobalSection(SolutionProperties) = preSolution
		HideSolutionNode = FALSE
	EndGlobalSection
	GlobalSection(ExtensibilityGlobals) = postSolution
		SolutionGuid = {1870DEB6-1E1C-450E-ADC7-FB5F0F8A75BB}
	EndGlobalSection
EndGlobal
