
Microsoft Visual Studio Solution File, Format Version 12.00
# Visual Studio Version 17
VisualStudioVersion = 17.2.32630.192
MinimumVisualStudioVersion = 10.0.40219.1
Project("{FAE04EC0-301F-11D3-BF4B-00C04F79EFBC}") = "Accept_no_print_print_1_to_that_no_using_while_loop", "Accept_no_print_print_1_to_that_no_using_while_loop\Accept_no_print_print_1_to_that_no_using_while_loop.csproj", "{83AE0841-1455-47E8-A13E-7EF0464E9D9F}"
EndProject
Global
	GlobalSection(SolutionConfigurationPlatforms) = preSolution
		Debug|Any CPU = Debug|Any CPU
		Release|Any CPU = Release|Any CPU
	EndGlobalSection
	GlobalSection(ProjectConfigurationPlatforms) = postSolution
		{83AE0841-1455-47E8-A13E-7EF0464E9D9F}.Debug|Any CPU.ActiveCfg = Debug|Any CPU
		{83AE0841-1455-47E8-A13E-7EF0464E9D9F}.Debug|Any CPU.Build.0 = Debug|Any CPU
		{83AE0841-1455-47E8-A13E-7EF0464E9D9F}.Release|Any CPU.ActiveCfg = Release|Any CPU
		{83AE0841-1455-47E8-A13E-7EF0464E9D9F}.Release|Any CPU.Build.0 = Release|Any CPU
	EndGlobalSection
	GlobalSection(SolutionProperties) = preSolution
		HideSolutionNode = FALSE
	EndGlobalSection
	GlobalSection(ExtensibilityGlobals) = postSolution
		SolutionGuid = {F02FBD1E-4AD1-4C53-BA54-9EE0F649BBEE}
	EndGlobalSection
EndGlobal
