
Microsoft Visual Studio Solution File, Format Version 12.00
# Visual Studio Version 17
VisualStudioVersion = 17.2.32630.192
MinimumVisualStudioVersion = 10.0.40219.1
Project("{FAE04EC0-301F-11D3-BF4B-00C04F79EFBC}") = "creating_2d_array_2rows_2columns", "creating_2d_array_2rows_2columns\creating_2d_array_2rows_2columns.csproj", "{0884AB3F-9EEF-477C-8470-73A4DB638F8E}"
EndProject
Global
	GlobalSection(SolutionConfigurationPlatforms) = preSolution
		Debug|Any CPU = Debug|Any CPU
		Release|Any CPU = Release|Any CPU
	EndGlobalSection
	GlobalSection(ProjectConfigurationPlatforms) = postSolution
		{0884AB3F-9EEF-477C-8470-73A4DB638F8E}.Debug|Any CPU.ActiveCfg = Debug|Any CPU
		{0884AB3F-9EEF-477C-8470-73A4DB638F8E}.Debug|Any CPU.Build.0 = Debug|Any CPU
		{0884AB3F-9EEF-477C-8470-73A4DB638F8E}.Release|Any CPU.ActiveCfg = Release|Any CPU
		{0884AB3F-9EEF-477C-8470-73A4DB638F8E}.Release|Any CPU.Build.0 = Release|Any CPU
	EndGlobalSection
	GlobalSection(SolutionProperties) = preSolution
		HideSolutionNode = FALSE
	EndGlobalSection
	GlobalSection(ExtensibilityGlobals) = postSolution
		SolutionGuid = {205AC399-B0EF-46B9-B7AF-CF5E7BA48D24}
	EndGlobalSection
EndGlobal
