
Microsoft Visual Studio Solution File, Format Version 12.00
# Visual Studio Version 17
VisualStudioVersion = 17.2.32630.192
MinimumVisualStudioVersion = 10.0.40219.1
Project("{FAE04EC0-301F-11D3-BF4B-00C04F79EFBC}") = "nested_loop_repeat_number_example", "nested_loop_repeat_number_example\nested_loop_repeat_number_example.csproj", "{A2259B53-BEDD-41E2-A737-B7B51826225A}"
EndProject
Global
	GlobalSection(SolutionConfigurationPlatforms) = preSolution
		Debug|Any CPU = Debug|Any CPU
		Release|Any CPU = Release|Any CPU
	EndGlobalSection
	GlobalSection(ProjectConfigurationPlatforms) = postSolution
		{A2259B53-BEDD-41E2-A737-B7B51826225A}.Debug|Any CPU.ActiveCfg = Debug|Any CPU
		{A2259B53-BEDD-41E2-A737-B7B51826225A}.Debug|Any CPU.Build.0 = Debug|Any CPU
		{A2259B53-BEDD-41E2-A737-B7B51826225A}.Release|Any CPU.ActiveCfg = Release|Any CPU
		{A2259B53-BEDD-41E2-A737-B7B51826225A}.Release|Any CPU.Build.0 = Release|Any CPU
	EndGlobalSection
	GlobalSection(SolutionProperties) = preSolution
		HideSolutionNode = FALSE
	EndGlobalSection
	GlobalSection(ExtensibilityGlobals) = postSolution
		SolutionGuid = {ACB11B1A-7443-4236-9C73-CFEA66D88692}
	EndGlobalSection
EndGlobal
