
Microsoft Visual Studio Solution File, Format Version 12.00
# Visual Studio Version 17
VisualStudioVersion = 17.2.32630.192
MinimumVisualStudioVersion = 10.0.40219.1
Project("{FAE04EC0-301F-11D3-BF4B-00C04F79EFBC}") = "Addition_substraction_multiplication", "Addition_substraction_multiplication\Addition_substraction_multiplication.csproj", "{77161655-BC17-434C-8A47-184164872D78}"
EndProject
Global
	GlobalSection(SolutionConfigurationPlatforms) = preSolution
		Debug|Any CPU = Debug|Any CPU
		Release|Any CPU = Release|Any CPU
	EndGlobalSection
	GlobalSection(ProjectConfigurationPlatforms) = postSolution
		{77161655-BC17-434C-8A47-184164872D78}.Debug|Any CPU.ActiveCfg = Debug|Any CPU
		{77161655-BC17-434C-8A47-184164872D78}.Debug|Any CPU.Build.0 = Debug|Any CPU
		{77161655-BC17-434C-8A47-184164872D78}.Release|Any CPU.ActiveCfg = Release|Any CPU
		{77161655-BC17-434C-8A47-184164872D78}.Release|Any CPU.Build.0 = Release|Any CPU
	EndGlobalSection
	GlobalSection(SolutionProperties) = preSolution
		HideSolutionNode = FALSE
	EndGlobalSection
	GlobalSection(ExtensibilityGlobals) = postSolution
		SolutionGuid = {F74630F8-9346-44D7-9C31-D3440A87BA1F}
	EndGlobalSection
EndGlobal
