
Microsoft Visual Studio Solution File, Format Version 12.00
# Visual Studio Version 17
VisualStudioVersion = 17.2.32630.192
MinimumVisualStudioVersion = 10.0.40219.1
Project("{FAE04EC0-301F-11D3-BF4B-00C04F79EFBC}") = "Read_10_num_find_their_sum_avg", "Read_10_num_find_their_sum_avg\Read_10_num_find_their_sum_avg.csproj", "{58BD659E-DD1B-42DB-BF3A-91175E08DC05}"
EndProject
Global
	GlobalSection(SolutionConfigurationPlatforms) = preSolution
		Debug|Any CPU = Debug|Any CPU
		Release|Any CPU = Release|Any CPU
	EndGlobalSection
	GlobalSection(ProjectConfigurationPlatforms) = postSolution
		{58BD659E-DD1B-42DB-BF3A-91175E08DC05}.Debug|Any CPU.ActiveCfg = Debug|Any CPU
		{58BD659E-DD1B-42DB-BF3A-91175E08DC05}.Debug|Any CPU.Build.0 = Debug|Any CPU
		{58BD659E-DD1B-42DB-BF3A-91175E08DC05}.Release|Any CPU.ActiveCfg = Release|Any CPU
		{58BD659E-DD1B-42DB-BF3A-91175E08DC05}.Release|Any CPU.Build.0 = Release|Any CPU
	EndGlobalSection
	GlobalSection(SolutionProperties) = preSolution
		HideSolutionNode = FALSE
	EndGlobalSection
	GlobalSection(ExtensibilityGlobals) = postSolution
		SolutionGuid = {B81615BA-A9D3-4EFD-92A2-9A2359C99EC0}
	EndGlobalSection
EndGlobal
