
Microsoft Visual Studio Solution File, Format Version 12.00
# Visual Studio Version 17
VisualStudioVersion = 17.2.32630.192
MinimumVisualStudioVersion = 10.0.40219.1
Project("{FAE04EC0-301F-11D3-BF4B-00C04F79EFBC}") = "user_defined_function2", "user_defined_function2\user_defined_function2.csproj", "{0C8FD6E8-E32D-46F6-808F-B6983116F6B8}"
EndProject
Global
	GlobalSection(SolutionConfigurationPlatforms) = preSolution
		Debug|Any CPU = Debug|Any CPU
		Release|Any CPU = Release|Any CPU
	EndGlobalSection
	GlobalSection(ProjectConfigurationPlatforms) = postSolution
		{0C8FD6E8-E32D-46F6-808F-B6983116F6B8}.Debug|Any CPU.ActiveCfg = Debug|Any CPU
		{0C8FD6E8-E32D-46F6-808F-B6983116F6B8}.Debug|Any CPU.Build.0 = Debug|Any CPU
		{0C8FD6E8-E32D-46F6-808F-B6983116F6B8}.Release|Any CPU.ActiveCfg = Release|Any CPU
		{0C8FD6E8-E32D-46F6-808F-B6983116F6B8}.Release|Any CPU.Build.0 = Release|Any CPU
	EndGlobalSection
	GlobalSection(SolutionProperties) = preSolution
		HideSolutionNode = FALSE
	EndGlobalSection
	GlobalSection(ExtensibilityGlobals) = postSolution
		SolutionGuid = {A73A9693-7EDD-43ED-80E4-C34D1C00C30E}
	EndGlobalSection
EndGlobal
