
Microsoft Visual Studio Solution File, Format Version 12.00
# Visual Studio Version 17
VisualStudioVersion = 17.2.32630.192
MinimumVisualStudioVersion = 10.0.40219.1
Project("{FAE04EC0-301F-11D3-BF4B-00C04F79EFBC}") = "Accept_age_display_eligible_for_vote_not", "Accept_age_display_eligible_for_vote_not\Accept_age_display_eligible_for_vote_not.csproj", "{0E31CB0A-8EF8-4F3B-92A9-33664DB67CD6}"
EndProject
Global
	GlobalSection(SolutionConfigurationPlatforms) = preSolution
		Debug|Any CPU = Debug|Any CPU
		Release|Any CPU = Release|Any CPU
	EndGlobalSection
	GlobalSection(ProjectConfigurationPlatforms) = postSolution
		{0E31CB0A-8EF8-4F3B-92A9-33664DB67CD6}.Debug|Any CPU.ActiveCfg = Debug|Any CPU
		{0E31CB0A-8EF8-4F3B-92A9-33664DB67CD6}.Debug|Any CPU.Build.0 = Debug|Any CPU
		{0E31CB0A-8EF8-4F3B-92A9-33664DB67CD6}.Release|Any CPU.ActiveCfg = Release|Any CPU
		{0E31CB0A-8EF8-4F3B-92A9-33664DB67CD6}.Release|Any CPU.Build.0 = Release|Any CPU
	EndGlobalSection
	GlobalSection(SolutionProperties) = preSolution
		HideSolutionNode = FALSE
	EndGlobalSection
	GlobalSection(ExtensibilityGlobals) = postSolution
		SolutionGuid = {11E31CF6-ADF3-4C7B-B22B-842E03FE8446}
	EndGlobalSection
EndGlobal
