
Microsoft Visual Studio Solution File, Format Version 12.00
# Visual Studio Version 17
VisualStudioVersion = 17.2.32630.192
MinimumVisualStudioVersion = 10.0.40219.1
Project("{FAE04EC0-301F-11D3-BF4B-00C04F79EFBC}") = "craeting_and_using_classes_in_windows_form_application", "craeting_and_using_classes_in_windows_form_application\craeting_and_using_classes_in_windows_form_application.csproj", "{55796C2D-FEC3-4C61-A786-A061F9165AC4}"
EndProject
Global
	GlobalSection(SolutionConfigurationPlatforms) = preSolution
		Debug|Any CPU = Debug|Any CPU
		Release|Any CPU = Release|Any CPU
	EndGlobalSection
	GlobalSection(ProjectConfigurationPlatforms) = postSolution
		{55796C2D-FEC3-4C61-A786-A061F9165AC4}.Debug|Any CPU.ActiveCfg = Debug|Any CPU
		{55796C2D-FEC3-4C61-A786-A061F9165AC4}.Debug|Any CPU.Build.0 = Debug|Any CPU
		{55796C2D-FEC3-4C61-A786-A061F9165AC4}.Release|Any CPU.ActiveCfg = Release|Any CPU
		{55796C2D-FEC3-4C61-A786-A061F9165AC4}.Release|Any CPU.Build.0 = Release|Any CPU
	EndGlobalSection
	GlobalSection(SolutionProperties) = preSolution
		HideSolutionNode = FALSE
	EndGlobalSection
	GlobalSection(ExtensibilityGlobals) = postSolution
		SolutionGuid = {0628565A-8333-42AF-8BD2-9B592A3C5D5C}
	EndGlobalSection
EndGlobal
