
Microsoft Visual Studio Solution File, Format Version 12.00
# Visual Studio Version 17
VisualStudioVersion = 17.2.32630.192
MinimumVisualStudioVersion = 10.0.40219.1
Project("{FAE04EC0-301F-11D3-BF4B-00C04F79EFBC}") = "Accept_no_print_no_1_upto_that_no", "Accept_no_print_no_1_upto_that_no\Accept_no_print_no_1_upto_that_no.csproj", "{830F1AED-3459-4BE1-9E86-F1AA05B1723D}"
EndProject
Global
	GlobalSection(SolutionConfigurationPlatforms) = preSolution
		Debug|Any CPU = Debug|Any CPU
		Release|Any CPU = Release|Any CPU
	EndGlobalSection
	GlobalSection(ProjectConfigurationPlatforms) = postSolution
		{830F1AED-3459-4BE1-9E86-F1AA05B1723D}.Debug|Any CPU.ActiveCfg = Debug|Any CPU
		{830F1AED-3459-4BE1-9E86-F1AA05B1723D}.Debug|Any CPU.Build.0 = Debug|Any CPU
		{830F1AED-3459-4BE1-9E86-F1AA05B1723D}.Release|Any CPU.ActiveCfg = Release|Any CPU
		{830F1AED-3459-4BE1-9E86-F1AA05B1723D}.Release|Any CPU.Build.0 = Release|Any CPU
	EndGlobalSection
	GlobalSection(SolutionProperties) = preSolution
		HideSolutionNode = FALSE
	EndGlobalSection
	GlobalSection(ExtensibilityGlobals) = postSolution
		SolutionGuid = {225F526C-6E81-4B62-8225-7CBE59FB39D6}
	EndGlobalSection
EndGlobal
