
Microsoft Visual Studio Solution File, Format Version 12.00
# Visual Studio Version 17
VisualStudioVersion = 17.2.32630.192
MinimumVisualStudioVersion = 10.0.40219.1
Project("{FAE04EC0-301F-11D3-BF4B-00C04F79EFBC}") = "Accept_5_no_store_in_array_print_sum_of_5no", "Accept_5_no_store_in_array_print_sum_of_5no\Accept_5_no_store_in_array_print_sum_of_5no.csproj", "{0F315E80-9D4D-44C3-A336-3FC08F2A87CC}"
EndProject
Global
	GlobalSection(SolutionConfigurationPlatforms) = preSolution
		Debug|Any CPU = Debug|Any CPU
		Release|Any CPU = Release|Any CPU
	EndGlobalSection
	GlobalSection(ProjectConfigurationPlatforms) = postSolution
		{0F315E80-9D4D-44C3-A336-3FC08F2A87CC}.Debug|Any CPU.ActiveCfg = Debug|Any CPU
		{0F315E80-9D4D-44C3-A336-3FC08F2A87CC}.Debug|Any CPU.Build.0 = Debug|Any CPU
		{0F315E80-9D4D-44C3-A336-3FC08F2A87CC}.Release|Any CPU.ActiveCfg = Release|Any CPU
		{0F315E80-9D4D-44C3-A336-3FC08F2A87CC}.Release|Any CPU.Build.0 = Release|Any CPU
	EndGlobalSection
	GlobalSection(SolutionProperties) = preSolution
		HideSolutionNode = FALSE
	EndGlobalSection
	GlobalSection(ExtensibilityGlobals) = postSolution
		SolutionGuid = {95B23C28-9243-46CF-B2C0-CA41D3558D95}
	EndGlobalSection
EndGlobal
