
Microsoft Visual Studio Solution File, Format Version 12.00
# Visual Studio Version 17
VisualStudioVersion = 17.2.32630.192
MinimumVisualStudioVersion = 10.0.40219.1
Project("{FAE04EC0-301F-11D3-BF4B-00C04F79EFBC}") = "Accept_no_print_fact_using_do_while_loop", "Accept_no_print_fact_using_do_while_loop\Accept_no_print_fact_using_do_while_loop.csproj", "{AA18D596-06D4-439E-ACE1-0D58DD3939B8}"
EndProject
Global
	GlobalSection(SolutionConfigurationPlatforms) = preSolution
		Debug|Any CPU = Debug|Any CPU
		Release|Any CPU = Release|Any CPU
	EndGlobalSection
	GlobalSection(ProjectConfigurationPlatforms) = postSolution
		{AA18D596-06D4-439E-ACE1-0D58DD3939B8}.Debug|Any CPU.ActiveCfg = Debug|Any CPU
		{AA18D596-06D4-439E-ACE1-0D58DD3939B8}.Debug|Any CPU.Build.0 = Debug|Any CPU
		{AA18D596-06D4-439E-ACE1-0D58DD3939B8}.Release|Any CPU.ActiveCfg = Release|Any CPU
		{AA18D596-06D4-439E-ACE1-0D58DD3939B8}.Release|Any CPU.Build.0 = Release|Any CPU
	EndGlobalSection
	GlobalSection(SolutionProperties) = preSolution
		HideSolutionNode = FALSE
	EndGlobalSection
	GlobalSection(ExtensibilityGlobals) = postSolution
		SolutionGuid = {DF523B68-EB26-4D98-A1F4-130EACC880A2}
	EndGlobalSection
EndGlobal
