
Microsoft Visual Studio Solution File, Format Version 12.00
# Visual Studio Version 17
VisualStudioVersion = 17.2.32630.192
MinimumVisualStudioVersion = 10.0.40219.1
Project("{FAE04EC0-301F-11D3-BF4B-00C04F79EFBC}") = "Creating_registration_form_wf", "Creating_registration_form_wf\Creating_registration_form_wf.csproj", "{62F1A9C2-6451-4143-B9EE-27C8D48D524F}"
EndProject
Global
	GlobalSection(SolutionConfigurationPlatforms) = preSolution
		Debug|Any CPU = Debug|Any CPU
		Release|Any CPU = Release|Any CPU
	EndGlobalSection
	GlobalSection(ProjectConfigurationPlatforms) = postSolution
		{62F1A9C2-6451-4143-B9EE-27C8D48D524F}.Debug|Any CPU.ActiveCfg = Debug|Any CPU
		{62F1A9C2-6451-4143-B9EE-27C8D48D524F}.Debug|Any CPU.Build.0 = Debug|Any CPU
		{62F1A9C2-6451-4143-B9EE-27C8D48D524F}.Release|Any CPU.ActiveCfg = Release|Any CPU
		{62F1A9C2-6451-4143-B9EE-27C8D48D524F}.Release|Any CPU.Build.0 = Release|Any CPU
	EndGlobalSection
	GlobalSection(SolutionProperties) = preSolution
		HideSolutionNode = FALSE
	EndGlobalSection
	GlobalSection(ExtensibilityGlobals) = postSolution
		SolutionGuid = {4B536343-DCBE-46BD-B267-7A9823A26BF7}
	EndGlobalSection
EndGlobal
